
Microsoft Visual Studio Solution File, Format Version 12.00
# Visual Studio Version 17
VisualStudioVersion = 17.2.32616.157
MinimumVisualStudioVersion = 10.0.40219.1
Project("{FAE04EC0-301F-11D3-BF4B-00C04F79EFBC}") = "OperatorsExercise", "OperatorsExercise\OperatorsExercise.csproj", "{99754445-2932-4C1C-8825-1FC20723FB7B}"
EndProject
Global
	GlobalSection(SolutionConfigurationPlatforms) = preSolution
		Debug|Any CPU = Debug|Any CPU
		Release|Any CPU = Release|Any CPU
	EndGlobalSection
	GlobalSection(ProjectConfigurationPlatforms) = postSolution
		{99754445-2932-4C1C-8825-1FC20723FB7B}.Debug|Any CPU.ActiveCfg = Debug|Any CPU
		{99754445-2932-4C1C-8825-1FC20723FB7B}.Debug|Any CPU.Build.0 = Debug|Any CPU
		{99754445-2932-4C1C-8825-1FC20723FB7B}.Release|Any CPU.ActiveCfg = Release|Any CPU
		{99754445-2932-4C1C-8825-1FC20723FB7B}.Release|Any CPU.Build.0 = Release|Any CPU
	EndGlobalSection
	GlobalSection(SolutionProperties) = preSolution
		HideSolutionNode = FALSE
	EndGlobalSection
	GlobalSection(ExtensibilityGlobals) = postSolution
		SolutionGuid = {EC6AC274-33F9-45D7-9F77-8A6271AE3683}
	EndGlobalSection
EndGlobal
